
Microsoft Visual Studio Solution File, Format Version 12.00
# Visual Studio 15
VisualStudioVersion = 15.0.26730.12
MinimumVisualStudioVersion = 10.0.40219.1
Project("{9A19103F-16F7-4668-BE54-9A1E7A4F7556}") = "CrmSahara.Tests", "CrmSahara.Tests\CrmSahara.Tests.csproj", "{0D954B2B-7ADD-4B1B-A36B-FD2A87410593}"
EndProject
Project("{9A19103F-16F7-4668-BE54-9A1E7A4F7556}") = "CrmSahara.Domain", "CrmSahara.Domain\CrmSahara.Domain.csproj", "{27587853-A93D-4114-AC9E-83A0BB6D7C8C}"
EndProject
Project("{9A19103F-16F7-4668-BE54-9A1E7A4F7556}") = "CrmSahara.WebUI", "CrmSahara.WebUI\CrmSahara.WebUI.csproj", "{DDF68165-A4C4-4816-A82D-5DA2AAB04064}"
EndProject
Project("{FAE04EC0-301F-11D3-BF4B-00C04F79EFBC}") = "CrmSahara.Infrastructure", "CrmSahara.Infrastructure\CrmSahara.Infrastructure.csproj", "{313B0A4E-82D7-4D41-BD09-0DEC09FAC2B7}"
EndProject
Global
	GlobalSection(SolutionConfigurationPlatforms) = preSolution
		Debug|Any CPU = Debug|Any CPU
		Release|Any CPU = Release|Any CPU
	EndGlobalSection
	GlobalSection(ProjectConfigurationPlatforms) = postSolution
		{0D954B2B-7ADD-4B1B-A36B-FD2A87410593}.Debug|Any CPU.ActiveCfg = Debug|Any CPU
		{0D954B2B-7ADD-4B1B-A36B-FD2A87410593}.Debug|Any CPU.Build.0 = Debug|Any CPU
		{0D954B2B-7ADD-4B1B-A36B-FD2A87410593}.Release|Any CPU.ActiveCfg = Release|Any CPU
		{0D954B2B-7ADD-4B1B-A36B-FD2A87410593}.Release|Any CPU.Build.0 = Release|Any CPU
		{27587853-A93D-4114-AC9E-83A0BB6D7C8C}.Debug|Any CPU.ActiveCfg = Debug|Any CPU
		{27587853-A93D-4114-AC9E-83A0BB6D7C8C}.Debug|Any CPU.Build.0 = Debug|Any CPU
		{27587853-A93D-4114-AC9E-83A0BB6D7C8C}.Release|Any CPU.ActiveCfg = Release|Any CPU
		{27587853-A93D-4114-AC9E-83A0BB6D7C8C}.Release|Any CPU.Build.0 = Release|Any CPU
		{DDF68165-A4C4-4816-A82D-5DA2AAB04064}.Debug|Any CPU.ActiveCfg = Debug|Any CPU
		{DDF68165-A4C4-4816-A82D-5DA2AAB04064}.Debug|Any CPU.Build.0 = Debug|Any CPU
		{DDF68165-A4C4-4816-A82D-5DA2AAB04064}.Release|Any CPU.ActiveCfg = Release|Any CPU
		{DDF68165-A4C4-4816-A82D-5DA2AAB04064}.Release|Any CPU.Build.0 = Release|Any CPU
		{313B0A4E-82D7-4D41-BD09-0DEC09FAC2B7}.Debug|Any CPU.ActiveCfg = Debug|Any CPU
		{313B0A4E-82D7-4D41-BD09-0DEC09FAC2B7}.Debug|Any CPU.Build.0 = Debug|Any CPU
		{313B0A4E-82D7-4D41-BD09-0DEC09FAC2B7}.Release|Any CPU.ActiveCfg = Release|Any CPU
		{313B0A4E-82D7-4D41-BD09-0DEC09FAC2B7}.Release|Any CPU.Build.0 = Release|Any CPU
	EndGlobalSection
	GlobalSection(SolutionProperties) = preSolution
		HideSolutionNode = FALSE
	EndGlobalSection
	GlobalSection(ExtensibilityGlobals) = postSolution
		SolutionGuid = {55B91DC7-D7AD-46DA-9F85-37A2846C2C9B}
	EndGlobalSection
EndGlobal
